
Microsoft Visual Studio Solution File, Format Version 12.00
# Visual Studio Version 16
VisualStudioVersion = 16.0.29926.136
MinimumVisualStudioVersion = 10.0.40219.1
Project("{9A19103F-16F7-4668-BE54-9A1E7A4F7556}") = "AtCoderTemplateForNetCore", "AtCoderTemplateForNetCore\AtCoderTemplateForNetCore.csproj", "{C48CEA3E-653F-4107-A077-15CA2DDF5E1A}"
EndProject
Project("{9A19103F-16F7-4668-BE54-9A1E7A4F7556}") = "AtCoderTemplateForNetCore.Test", "AtCoderTemplateForNetCore.Test\AtCoderTemplateForNetCore.Test.csproj", "{B69DAE98-B9E2-43CA-BEE0-18F1E9BDE0D7}"
EndProject
Project("{FAE04EC0-301F-11D3-BF4B-00C04F79EFBC}") = "AtCoderTemplateForNetCore.UtilityMethodTest", "AtCoderTemplateForNetCore.UtilityMethodTest\AtCoderTemplateForNetCore.UtilityMethodTest.csproj", "{DEAB39D6-C9E0-4CEE-8A0B-23631E9083D5}"
EndProject
Global
	GlobalSection(SolutionConfigurationPlatforms) = preSolution
		Debug|Any CPU = Debug|Any CPU
		Release|Any CPU = Release|Any CPU
	EndGlobalSection
	GlobalSection(ProjectConfigurationPlatforms) = postSolution
		{C48CEA3E-653F-4107-A077-15CA2DDF5E1A}.Debug|Any CPU.ActiveCfg = Debug|Any CPU
		{C48CEA3E-653F-4107-A077-15CA2DDF5E1A}.Debug|Any CPU.Build.0 = Debug|Any CPU
		{C48CEA3E-653F-4107-A077-15CA2DDF5E1A}.Release|Any CPU.ActiveCfg = Release|Any CPU
		{C48CEA3E-653F-4107-A077-15CA2DDF5E1A}.Release|Any CPU.Build.0 = Release|Any CPU
		{B69DAE98-B9E2-43CA-BEE0-18F1E9BDE0D7}.Debug|Any CPU.ActiveCfg = Debug|Any CPU
		{B69DAE98-B9E2-43CA-BEE0-18F1E9BDE0D7}.Debug|Any CPU.Build.0 = Debug|Any CPU
		{B69DAE98-B9E2-43CA-BEE0-18F1E9BDE0D7}.Release|Any CPU.ActiveCfg = Release|Any CPU
		{B69DAE98-B9E2-43CA-BEE0-18F1E9BDE0D7}.Release|Any CPU.Build.0 = Release|Any CPU
		{DEAB39D6-C9E0-4CEE-8A0B-23631E9083D5}.Debug|Any CPU.ActiveCfg = Debug|Any CPU
		{DEAB39D6-C9E0-4CEE-8A0B-23631E9083D5}.Debug|Any CPU.Build.0 = Debug|Any CPU
		{DEAB39D6-C9E0-4CEE-8A0B-23631E9083D5}.Release|Any CPU.ActiveCfg = Release|Any CPU
		{DEAB39D6-C9E0-4CEE-8A0B-23631E9083D5}.Release|Any CPU.Build.0 = Release|Any CPU
	EndGlobalSection
	GlobalSection(SolutionProperties) = preSolution
		HideSolutionNode = FALSE
	EndGlobalSection
	GlobalSection(ExtensibilityGlobals) = postSolution
		SolutionGuid = {09B8928D-2D9E-4F0F-B223-15DEEDA413CC}
	EndGlobalSection
EndGlobal
